
Microsoft Visual Studio Solution File, Format Version 12.00
# Visual Studio 15
VisualStudioVersion = 15.0.28307.421
MinimumVisualStudioVersion = 10.0.40219.1
Project("{FAE04EC0-301F-11D3-BF4B-00C04F79EFBC}") = "API", "API\API.csproj", "{F6CEAC32-60A5-4EA2-B29F-33C469772AD4}"
EndProject
Project("{FAE04EC0-301F-11D3-BF4B-00C04F79EFBC}") = "Core", "Core\Core.csproj", "{156B5382-5508-4DFC-A92E-B1DE360EE1B5}"
EndProject
Project("{FAE04EC0-301F-11D3-BF4B-00C04F79EFBC}") = "Model", "Model\Model.csproj", "{4AA7533B-A344-4F4B-A515-C06D21862381}"
EndProject
Project("{FAE04EC0-301F-11D3-BF4B-00C04F79EFBC}") = "Repository", "Repository\Repository.csproj", "{621962DD-B57C-43E3-9E6B-979B2929441E}"
EndProject
Project("{FAE04EC0-301F-11D3-BF4B-00C04F79EFBC}") = "Test", "Test\Test.csproj", "{3E8ECC89-B57D-443A-B112-4F34503E8E60}"
EndProject
Global
	GlobalSection(SolutionConfigurationPlatforms) = preSolution
		Debug|Any CPU = Debug|Any CPU
		Release|Any CPU = Release|Any CPU
	EndGlobalSection
	GlobalSection(ProjectConfigurationPlatforms) = postSolution
		{F6CEAC32-60A5-4EA2-B29F-33C469772AD4}.Debug|Any CPU.ActiveCfg = Debug|Any CPU
		{F6CEAC32-60A5-4EA2-B29F-33C469772AD4}.Debug|Any CPU.Build.0 = Debug|Any CPU
		{F6CEAC32-60A5-4EA2-B29F-33C469772AD4}.Release|Any CPU.ActiveCfg = Release|Any CPU
		{F6CEAC32-60A5-4EA2-B29F-33C469772AD4}.Release|Any CPU.Build.0 = Release|Any CPU
		{156B5382-5508-4DFC-A92E-B1DE360EE1B5}.Debug|Any CPU.ActiveCfg = Debug|Any CPU
		{156B5382-5508-4DFC-A92E-B1DE360EE1B5}.Debug|Any CPU.Build.0 = Debug|Any CPU
		{156B5382-5508-4DFC-A92E-B1DE360EE1B5}.Release|Any CPU.ActiveCfg = Release|Any CPU
		{156B5382-5508-4DFC-A92E-B1DE360EE1B5}.Release|Any CPU.Build.0 = Release|Any CPU
		{4AA7533B-A344-4F4B-A515-C06D21862381}.Debug|Any CPU.ActiveCfg = Debug|Any CPU
		{4AA7533B-A344-4F4B-A515-C06D21862381}.Debug|Any CPU.Build.0 = Debug|Any CPU
		{4AA7533B-A344-4F4B-A515-C06D21862381}.Release|Any CPU.ActiveCfg = Release|Any CPU
		{4AA7533B-A344-4F4B-A515-C06D21862381}.Release|Any CPU.Build.0 = Release|Any CPU
		{621962DD-B57C-43E3-9E6B-979B2929441E}.Debug|Any CPU.ActiveCfg = Debug|Any CPU
		{621962DD-B57C-43E3-9E6B-979B2929441E}.Debug|Any CPU.Build.0 = Debug|Any CPU
		{621962DD-B57C-43E3-9E6B-979B2929441E}.Release|Any CPU.ActiveCfg = Release|Any CPU
		{621962DD-B57C-43E3-9E6B-979B2929441E}.Release|Any CPU.Build.0 = Release|Any CPU
		{3E8ECC89-B57D-443A-B112-4F34503E8E60}.Debug|Any CPU.ActiveCfg = Debug|Any CPU
		{3E8ECC89-B57D-443A-B112-4F34503E8E60}.Debug|Any CPU.Build.0 = Debug|Any CPU
		{3E8ECC89-B57D-443A-B112-4F34503E8E60}.Release|Any CPU.ActiveCfg = Release|Any CPU
		{3E8ECC89-B57D-443A-B112-4F34503E8E60}.Release|Any CPU.Build.0 = Release|Any CPU
	EndGlobalSection
	GlobalSection(SolutionProperties) = preSolution
		HideSolutionNode = FALSE
	EndGlobalSection
	GlobalSection(ExtensibilityGlobals) = postSolution
		SolutionGuid = {050EA8D0-CCF3-4502-B144-F322EC9ED3AF}
	EndGlobalSection
EndGlobal
